
Microsoft Visual Studio Solution File, Format Version 12.00
# Visual Studio 15
VisualStudioVersion = 15.0.28307.572
MinimumVisualStudioVersion = 10.0.40219.1
Project("{FAE04EC0-301F-11D3-BF4B-00C04F79EFBC}") = "ConsoleApp1", "ConsoleApp1\ConsoleApp1.csproj", "{D3637573-E967-4F01-9295-D4C6EEA007E5}"
EndProject
Project("{FAE04EC0-301F-11D3-BF4B-00C04F79EFBC}") = "KPPSReportProcessing", "KPPSReportProcessing\KPPSReportProcessing.csproj", "{F20B9DF4-6660-496F-B784-BCA3B2BA225D}"
EndProject
Project("{9A19103F-16F7-4668-BE54-9A1E7A4F7556}") = "WebApplication1", "WebApplication1\WebApplication1.csproj", "{A4117434-BBC1-448F-AB20-644B418C7E2F}"
EndProject
Project("{FAE04EC0-301F-11D3-BF4B-00C04F79EFBC}") = "WebApplication2", "WebApplication2\WebApplication2.csproj", "{ADE1927D-1A5F-4DCE-9F76-2CAA62031904}"
EndProject
Project("{9A19103F-16F7-4668-BE54-9A1E7A4F7556}") = "WebApplication3", "WebApplication3\WebApplication3.csproj", "{53556125-206E-40FD-94F5-030376D9FAFC}"
EndProject
Project("{FAE04EC0-301F-11D3-BF4B-00C04F79EFBC}") = "WebApplication4", "WebApplication4\WebApplication4.csproj", "{1BE4DD28-050F-49F3-9CBB-F8FC4159AFB2}"
EndProject
Global
	GlobalSection(SolutionConfigurationPlatforms) = preSolution
		Debug|Any CPU = Debug|Any CPU
		Release|Any CPU = Release|Any CPU
	EndGlobalSection
	GlobalSection(ProjectConfigurationPlatforms) = postSolution
		{D3637573-E967-4F01-9295-D4C6EEA007E5}.Debug|Any CPU.ActiveCfg = Debug|Any CPU
		{D3637573-E967-4F01-9295-D4C6EEA007E5}.Debug|Any CPU.Build.0 = Debug|Any CPU
		{D3637573-E967-4F01-9295-D4C6EEA007E5}.Release|Any CPU.ActiveCfg = Release|Any CPU
		{D3637573-E967-4F01-9295-D4C6EEA007E5}.Release|Any CPU.Build.0 = Release|Any CPU
		{F20B9DF4-6660-496F-B784-BCA3B2BA225D}.Debug|Any CPU.ActiveCfg = Debug|Any CPU
		{F20B9DF4-6660-496F-B784-BCA3B2BA225D}.Debug|Any CPU.Build.0 = Debug|Any CPU
		{F20B9DF4-6660-496F-B784-BCA3B2BA225D}.Release|Any CPU.ActiveCfg = Release|Any CPU
		{F20B9DF4-6660-496F-B784-BCA3B2BA225D}.Release|Any CPU.Build.0 = Release|Any CPU
		{A4117434-BBC1-448F-AB20-644B418C7E2F}.Debug|Any CPU.ActiveCfg = Debug|Any CPU
		{A4117434-BBC1-448F-AB20-644B418C7E2F}.Debug|Any CPU.Build.0 = Debug|Any CPU
		{A4117434-BBC1-448F-AB20-644B418C7E2F}.Release|Any CPU.ActiveCfg = Release|Any CPU
		{A4117434-BBC1-448F-AB20-644B418C7E2F}.Release|Any CPU.Build.0 = Release|Any CPU
		{ADE1927D-1A5F-4DCE-9F76-2CAA62031904}.Debug|Any CPU.ActiveCfg = Debug|Any CPU
		{ADE1927D-1A5F-4DCE-9F76-2CAA62031904}.Debug|Any CPU.Build.0 = Debug|Any CPU
		{ADE1927D-1A5F-4DCE-9F76-2CAA62031904}.Release|Any CPU.ActiveCfg = Release|Any CPU
		{ADE1927D-1A5F-4DCE-9F76-2CAA62031904}.Release|Any CPU.Build.0 = Release|Any CPU
		{53556125-206E-40FD-94F5-030376D9FAFC}.Debug|Any CPU.ActiveCfg = Debug|Any CPU
		{53556125-206E-40FD-94F5-030376D9FAFC}.Debug|Any CPU.Build.0 = Debug|Any CPU
		{53556125-206E-40FD-94F5-030376D9FAFC}.Release|Any CPU.ActiveCfg = Release|Any CPU
		{53556125-206E-40FD-94F5-030376D9FAFC}.Release|Any CPU.Build.0 = Release|Any CPU
		{1BE4DD28-050F-49F3-9CBB-F8FC4159AFB2}.Debug|Any CPU.ActiveCfg = Debug|Any CPU
		{1BE4DD28-050F-49F3-9CBB-F8FC4159AFB2}.Debug|Any CPU.Build.0 = Debug|Any CPU
		{1BE4DD28-050F-49F3-9CBB-F8FC4159AFB2}.Release|Any CPU.ActiveCfg = Release|Any CPU
		{1BE4DD28-050F-49F3-9CBB-F8FC4159AFB2}.Release|Any CPU.Build.0 = Release|Any CPU
	EndGlobalSection
	GlobalSection(SolutionProperties) = preSolution
		HideSolutionNode = FALSE
	EndGlobalSection
	GlobalSection(ExtensibilityGlobals) = postSolution
		SolutionGuid = {20404727-4DE9-4C7D-BCF8-C7BB154ECB16}
	EndGlobalSection
EndGlobal
