
Microsoft Visual Studio Solution File, Format Version 12.00
# Visual Studio 15
VisualStudioVersion = 15.0.28307.572
MinimumVisualStudioVersion = 10.0.40219.1
Project("{FAE04EC0-301F-11D3-BF4B-00C04F79EFBC}") = "ExcelWebAddIn1", "ExcelWebAddIn1\ExcelWebAddIn1.csproj", "{06D9752A-A122-4B5E-A251-61A14C5C40D4}"
EndProject
Project("{FAE04EC0-301F-11D3-BF4B-00C04F79EFBC}") = "ExcelWebAddIn1Web", "ExcelWebAddIn1Web\ExcelWebAddIn1Web.csproj", "{AA0D45B0-22DF-4B8F-B573-77306D91D7A6}"
EndProject
Global
	GlobalSection(SolutionConfigurationPlatforms) = preSolution
		Debug|Any CPU = Debug|Any CPU
		Release|Any CPU = Release|Any CPU
	EndGlobalSection
	GlobalSection(ProjectConfigurationPlatforms) = postSolution
		{06D9752A-A122-4B5E-A251-61A14C5C40D4}.Debug|Any CPU.ActiveCfg = Debug|Any CPU
		{06D9752A-A122-4B5E-A251-61A14C5C40D4}.Debug|Any CPU.Build.0 = Debug|Any CPU
		{06D9752A-A122-4B5E-A251-61A14C5C40D4}.Debug|Any CPU.Deploy.0 = Debug|Any CPU
		{06D9752A-A122-4B5E-A251-61A14C5C40D4}.Release|Any CPU.ActiveCfg = Release|Any CPU
		{06D9752A-A122-4B5E-A251-61A14C5C40D4}.Release|Any CPU.Build.0 = Release|Any CPU
		{06D9752A-A122-4B5E-A251-61A14C5C40D4}.Release|Any CPU.Deploy.0 = Release|Any CPU
		{AA0D45B0-22DF-4B8F-B573-77306D91D7A6}.Debug|Any CPU.ActiveCfg = Debug|Any CPU
		{AA0D45B0-22DF-4B8F-B573-77306D91D7A6}.Debug|Any CPU.Build.0 = Debug|Any CPU
		{AA0D45B0-22DF-4B8F-B573-77306D91D7A6}.Release|Any CPU.ActiveCfg = Release|Any CPU
		{AA0D45B0-22DF-4B8F-B573-77306D91D7A6}.Release|Any CPU.Build.0 = Release|Any CPU
	EndGlobalSection
	GlobalSection(SolutionProperties) = preSolution
		HideSolutionNode = FALSE
	EndGlobalSection
	GlobalSection(ExtensibilityGlobals) = postSolution
		SolutionGuid = {6E42FC2A-5CA9-47FD-805A-81369CD16B3E}
	EndGlobalSection
EndGlobal
