
Microsoft Visual Studio Solution File, Format Version 12.00
# Visual Studio 15
VisualStudioVersion = 15.0.28307.572
MinimumVisualStudioVersion = 10.0.40219.1
Project("{FAE04EC0-301F-11D3-BF4B-00C04F79EFBC}") = "kFactorAddIn", "kFactorAddIn\kFactorAddIn.csproj", "{26EE2189-F430-4327-A27E-D0CCFA1C9303}"
EndProject
Project("{FAE04EC0-301F-11D3-BF4B-00C04F79EFBC}") = "kFactorAddInWeb", "kFactorAddInWeb\kFactorAddInWeb.csproj", "{422E845F-A4B4-48D2-A379-B377F805A920}"
EndProject
Global
	GlobalSection(SolutionConfigurationPlatforms) = preSolution
		Debug|Any CPU = Debug|Any CPU
		Release|Any CPU = Release|Any CPU
	EndGlobalSection
	GlobalSection(ProjectConfigurationPlatforms) = postSolution
		{26EE2189-F430-4327-A27E-D0CCFA1C9303}.Debug|Any CPU.ActiveCfg = Debug|Any CPU
		{26EE2189-F430-4327-A27E-D0CCFA1C9303}.Debug|Any CPU.Build.0 = Debug|Any CPU
		{26EE2189-F430-4327-A27E-D0CCFA1C9303}.Debug|Any CPU.Deploy.0 = Debug|Any CPU
		{26EE2189-F430-4327-A27E-D0CCFA1C9303}.Release|Any CPU.ActiveCfg = Release|Any CPU
		{26EE2189-F430-4327-A27E-D0CCFA1C9303}.Release|Any CPU.Build.0 = Release|Any CPU
		{26EE2189-F430-4327-A27E-D0CCFA1C9303}.Release|Any CPU.Deploy.0 = Release|Any CPU
		{422E845F-A4B4-48D2-A379-B377F805A920}.Debug|Any CPU.ActiveCfg = Debug|Any CPU
		{422E845F-A4B4-48D2-A379-B377F805A920}.Debug|Any CPU.Build.0 = Debug|Any CPU
		{422E845F-A4B4-48D2-A379-B377F805A920}.Release|Any CPU.ActiveCfg = Release|Any CPU
		{422E845F-A4B4-48D2-A379-B377F805A920}.Release|Any CPU.Build.0 = Release|Any CPU
	EndGlobalSection
	GlobalSection(SolutionProperties) = preSolution
		HideSolutionNode = FALSE
	EndGlobalSection
	GlobalSection(ExtensibilityGlobals) = postSolution
		SolutionGuid = {57B97285-EFCF-4FC9-8C81-F4EBED85D0F3}
	EndGlobalSection
EndGlobal
